
Microsoft Visual Studio Solution File, Format Version 12.00
# Visual Studio Version 16
VisualStudioVersion = 16.0.31112.23
MinimumVisualStudioVersion = 10.0.40219.1
Project("{8BC9CEB8-8B4A-11D0-8D11-00A0C91BC942}") = "Proiect_SDA", "Proiect_SDA\Proiect_SDA.vcxproj", "{474701A5-D64C-4DB4-9773-0D1E6E134E2C}"
EndProject
Global
	GlobalSection(SolutionConfigurationPlatforms) = preSolution
		Debug|x64 = Debug|x64
		Debug|x86 = Debug|x86
		Release|x64 = Release|x64
		Release|x86 = Release|x86
	EndGlobalSection
	GlobalSection(ProjectConfigurationPlatforms) = postSolution
		{474701A5-D64C-4DB4-9773-0D1E6E134E2C}.Debug|x64.ActiveCfg = Debug|x64
		{474701A5-D64C-4DB4-9773-0D1E6E134E2C}.Debug|x64.Build.0 = Debug|x64
		{474701A5-D64C-4DB4-9773-0D1E6E134E2C}.Debug|x86.ActiveCfg = Debug|Win32
		{474701A5-D64C-4DB4-9773-0D1E6E134E2C}.Debug|x86.Build.0 = Debug|Win32
		{474701A5-D64C-4DB4-9773-0D1E6E134E2C}.Release|x64.ActiveCfg = Release|x64
		{474701A5-D64C-4DB4-9773-0D1E6E134E2C}.Release|x64.Build.0 = Release|x64
		{474701A5-D64C-4DB4-9773-0D1E6E134E2C}.Release|x86.ActiveCfg = Release|Win32
		{474701A5-D64C-4DB4-9773-0D1E6E134E2C}.Release|x86.Build.0 = Release|Win32
	EndGlobalSection
	GlobalSection(SolutionProperties) = preSolution
		HideSolutionNode = FALSE
	EndGlobalSection
	GlobalSection(ExtensibilityGlobals) = postSolution
		SolutionGuid = {5E8D0B4E-5F12-482B-BABE-1D0376DEDFDB}
	EndGlobalSection
EndGlobal
